PODS:
  - AFNetworking (3.0.4):
    - AFNetworking/NSURLSession (= 3.0.4)
    - AFNetworking/Reachability (= 3.0.4)
    - AFNetworking/Security (= 3.0.4)
    - AFNetworking/Serialization (= 3.0.4)
    - AFNetworking/UIKit (= 3.0.4)
  - AFNetworking/NSURLSession (3.0.4):
    - AFNetworking/Reachability
    - AFNetworking/Security
    - AFNetworking/Serialization
  - AFNetworking/Reachability (3.0.4)
  - AFNetworking/Security (3.0.4)
  - AFNetworking/Serialization (3.0.4)
  - AFNetworking/UIKit (3.0.4):
    - AFNetworking/NSURLSession
  - BlocksKit (2.2.5):
    - BlocksKit/All (= 2.2.5)
  - BlocksKit/All (2.2.5):
    - BlocksKit/Core
    - BlocksKit/DynamicDelegate
    - BlocksKit/MessageUI
    - BlocksKit/UIKit
  - BlocksKit/Core (2.2.5)
  - BlocksKit/DynamicDelegate (2.2.5)
  - BlocksKit/MessageUI (2.2.5):
    - BlocksKit/Core
    - BlocksKit/DynamicDelegate
  - BlocksKit/UIKit (2.2.5):
    - BlocksKit/Core
    - BlocksKit/DynamicDelegate
  - ChameleonFramework (2.1.0):
    - ChameleonFramework/Default (= 2.1.0)
  - ChameleonFramework/Default (2.1.0)
  - CRToast (0.0.9)
  - DACircularProgress (2.3.1)
  - DZNEmptyDataSet (1.7.3)
  - FDStackView (1.0-alpha)
  - FMDB (2.6):
    - FMDB/standard (= 2.6)
  - FMDB/standard (2.6)
  - FXForms (1.2.14)
  - IDMPhotoBrowser (1.8.1):
    - DACircularProgress
    - pop
    - SDWebImage
  - JZNavigationExtension (1.3.4)
  - KVOController (1.0.3)
  - MJExtension (3.0.10)
  - NYSegmentedControl (1.0.7)
  - pop (1.0.9)
  - PopMenu (2.4):
    - pop
    - XHRealTimeBlur
  - RongCloudIMKit (2.4.0)
  - SDWebImage (3.7.5):
    - SDWebImage/Core (= 3.7.5)
  - SDWebImage/Core (3.7.5)
  - SlackTextViewController (1.9)
  - SVPullToRefresh (0.4.1)
  - SVWebViewController (HEAD based on 1.0)
  - WebViewJavascriptBridge (5.0.5)
  - XHRealTimeBlur (1.7)

DEPENDENCIES:
  - AFNetworking
  - BlocksKit
  - ChameleonFramework
  - CRToast
  - DZNEmptyDataSet
  - FDStackView (= 1.0-alpha)
  - FMDB
  - FXForms
  - IDMPhotoBrowser
  - JZNavigationExtension
  - KVOController
  - MJExtension
  - NYSegmentedControl
  - pop
  - PopMenu
  - RongCloudIMKit (= 2.4.0)
  - SlackTextViewController
  - SVPullToRefresh
  - SVWebViewController (HEAD)
  - WebViewJavascriptBridge

SPEC CHECKSUMS:
  AFNetworking: a0075feb321559dc78d9d85b55d11caa19eabb93
  BlocksKit: 7f422b971407001178d181a43b99014ea2591fe6
  ChameleonFramework: d21a3cc247abfe5e37609a283a8238b03575cf64
  CRToast: 5a78c22b921c5ed3487488af605bc403a9c92fed
  DACircularProgress: 4dd437c0fc3da5161cb289e07ac449493d41db71
  DZNEmptyDataSet: dd7cca17c1d07dfa78956859b1e70a52505678ef
  FDStackView: 6abd2cdb128430264d5c6e87277629abad222f20
  FMDB: c1968bab3ab0aed38f66cb778ae1e7fa9a652b6e
  FXForms: 724500c0c3f3eb3ba1004b3b83abcee55d3daf18
  IDMPhotoBrowser: 99eccfe6431e182f64e2fe57ac654316fbf81576
  JZNavigationExtension: 63bdb8d2b9fe724ea6ca6dd29bfd0302dea36f79
  KVOController: 9fd8f0343670994e4b6f9f0b31f5a45663f3e1cf
  MJExtension: d86aacb740c87519d20e3cca55b6fa4be6cc7548
  NYSegmentedControl: 55b4f9eb652767cae9799623ec3e49e50029ef47
  pop: f667631a5108a2e60d9e8797c9b32ddaf2080bce
  PopMenu: 26b97baeaf250070f4f61b93727ca86d127d7bc5
  RongCloudIMKit: c2cb0013452b98b38267d395b6155665344db96e
  SDWebImage: 69c6303e3348fba97e03f65d65d4fbc26740f461
  SlackTextViewController: d51503f7be846cb9976a273499dc90f2445e9447
  SVPullToRefresh: ba2e718695a43253d8bea6852d2960097dc15d8c
  SVWebViewController: c36dda7326e81fcae0abf5d02bf7bbf7e41be901
  WebViewJavascriptBridge: a4d502315f1b8d9a51cd6a9174147ed567ec3bc5
  XHRealTimeBlur: 661fadd5691ba2d349758e8fd5fbdb499ac55f8c

COCOAPODS: 0.39.0
