PODS:
  - AFNetworking (3.1.0):
    - AFNetworking/NSURLSession (= 3.1.0)
    - AFNetworking/Reachability (= 3.1.0)
    - AFNetworking/Security (= 3.1.0)
    - AFNetworking/Serialization (= 3.1.0)
    - AFNetworking/UIKit (= 3.1.0)
  - AFNetworking/NSURLSession (3.1.0):
    - AFNetworking/Reachability
    - AFNetworking/Security
    - AFNetworking/Serialization
  - AFNetworking/Reachability (3.1.0)
  - AFNetworking/Security (3.1.0)
  - AFNetworking/Serialization (3.1.0)
  - AFNetworking/UIKit (3.1.0):
    - AFNetworking/NSURLSession
  - BlocksKit (2.2.5):
    - BlocksKit/All (= 2.2.5)
  - BlocksKit/All (2.2.5):
    - BlocksKit/Core
    - BlocksKit/DynamicDelegate
    - BlocksKit/MessageUI
    - BlocksKit/UIKit
  - BlocksKit/Core (2.2.5)
  - BlocksKit/DynamicDelegate (2.2.5)
  - BlocksKit/MessageUI (2.2.5):
    - BlocksKit/Core
    - BlocksKit/DynamicDelegate
  - BlocksKit/UIKit (2.2.5):
    - BlocksKit/Core
    - BlocksKit/DynamicDelegate
  - ChameleonFramework (2.1.0):
    - ChameleonFramework/Default (= 2.1.0)
  - ChameleonFramework/Default (2.1.0)
  - DACircularProgress (2.3.1)
  - DZNEmptyDataSet (1.8.1)
  - FDStackView (1.0)
  - FMDB (2.6.2):
    - FMDB/standard (= 2.6.2)
  - FMDB/standard (2.6.2)
  - FXForms (1.2.14)
  - IDMPhotoBrowser (1.8.4):
    - DACircularProgress
    - pop
    - SDWebImage
  - JZNavigationExtension (1.4.8)
  - KVOController (1.1.0)
  - MJExtension (3.0.10)
  - NYSegmentedControl (1.0.7)
  - pop (1.0.9)
  - PopMenu (2.4):
    - pop
    - XHRealTimeBlur
  - SDWebImage (3.8.1):
    - SDWebImage/Core (= 3.8.1)
  - SDWebImage/Core (3.8.1)
  - SlackTextViewController (1.9.3)
  - SVProgressHUD (2.0.3)
  - SVPullToRefresh (0.4.1)
  - SVWebViewController (1.0)
  - WebViewJavascriptBridge (5.0.5)
  - XHRealTimeBlur (1.7)

DEPENDENCIES:
  - AFNetworking
  - BlocksKit
  - ChameleonFramework
  - DZNEmptyDataSet
  - FDStackView
  - FMDB
  - FXForms
  - IDMPhotoBrowser
  - JZNavigationExtension
  - KVOController
  - MJExtension
  - NYSegmentedControl
  - pop
  - PopMenu
  - SlackTextViewController
  - SVProgressHUD
  - SVPullToRefresh
  - SVWebViewController
  - WebViewJavascriptBridge

SPEC CHECKSUMS:
  AFNetworking: 5e0e199f73d8626b11e79750991f5d173d1f8b67
  BlocksKit: 7f422b971407001178d181a43b99014ea2591fe6
  ChameleonFramework: d21a3cc247abfe5e37609a283a8238b03575cf64
  DACircularProgress: 4dd437c0fc3da5161cb289e07ac449493d41db71
  DZNEmptyDataSet: 9525833b9e68ac21c30253e1d3d7076cc828eaa7
  FDStackView: 3a4bbe0ce9c35e974246a585168b9da8c32213f1
  FMDB: 854a0341b4726e53276f2a8996f06f1b80f9259a
  FXForms: 724500c0c3f3eb3ba1004b3b83abcee55d3daf18
  IDMPhotoBrowser: b574fe3229754e701f32df271afbc4ac7e4e1997
  JZNavigationExtension: 7b5a80e01677e949db420cfb887e40a89abe5954
  KVOController: 321b5fc59300fcaabd42c0f679baa7a27efbb2fd
  MJExtension: d86aacb740c87519d20e3cca55b6fa4be6cc7548
  NYSegmentedControl: 55b4f9eb652767cae9799623ec3e49e50029ef47
  pop: f667631a5108a2e60d9e8797c9b32ddaf2080bce
  PopMenu: 26b97baeaf250070f4f61b93727ca86d127d7bc5
  SDWebImage: 35f9627a3e44b4f292a8a8ce6a531fa488239b91
  SlackTextViewController: bd2a34c188d4f7dec93cf42388f38551263fac82
  SVProgressHUD: b0830714205bea1317ea1a2ebc71e5633af334d4
  SVPullToRefresh: ba2e718695a43253d8bea6852d2960097dc15d8c
  SVWebViewController: c36dda7326e81fcae0abf5d02bf7bbf7e41be901
  WebViewJavascriptBridge: a4d502315f1b8d9a51cd6a9174147ed567ec3bc5
  XHRealTimeBlur: 661fadd5691ba2d349758e8fd5fbdb499ac55f8c

PODFILE CHECKSUM: 3ceaf41d6bcb77fda01ac90ba3d3a6b56c624a27

COCOAPODS: 1.0.0
