PODS:
  - AFNetworking (2.6.1):
    - AFNetworking/NSURLConnection (= 2.6.1)
    - AFNetworking/NSURLSession (= 2.6.1)
    - AFNetworking/Reachability (= 2.6.1)
    - AFNetworking/Security (= 2.6.1)
    - AFNetworking/Serialization (= 2.6.1)
    - AFNetworking/UIKit (= 2.6.1)
  - AFNetworking/NSURLConnection (2.6.1):
    - AFNetworking/Reachability
    - AFNetworking/Security
    - AFNetworking/Serialization
  - AFNetworking/NSURLSession (2.6.1):
    - AFNetworking/Reachability
    - AFNetworking/Security
    - AFNetworking/Serialization
  - AFNetworking/Reachability (2.6.1)
  - AFNetworking/Security (2.6.1)
  - AFNetworking/Serialization (2.6.1)
  - AFNetworking/UIKit (2.6.1):
    - AFNetworking/NSURLConnection
    - AFNetworking/NSURLSession
  - BlocksKit (2.2.5):
    - BlocksKit/All (= 2.2.5)
  - BlocksKit/All (2.2.5):
    - BlocksKit/Core
    - BlocksKit/DynamicDelegate
    - BlocksKit/MessageUI
    - BlocksKit/UIKit
  - BlocksKit/Core (2.2.5)
  - BlocksKit/DynamicDelegate (2.2.5)
  - BlocksKit/MessageUI (2.2.5):
    - BlocksKit/Core
    - BlocksKit/DynamicDelegate
  - BlocksKit/UIKit (2.2.5):
    - BlocksKit/Core
    - BlocksKit/DynamicDelegate
  - ChameleonFramework (2.0.4):
    - ChameleonFramework/Default (= 2.0.4)
  - ChameleonFramework/Default (2.0.4)
  - CRToast (0.0.9)
  - DACircularProgress (2.3.1)
  - DZNEmptyDataSet (1.7.2)
  - FXForms (1.2.13)
  - IDMPhotoBrowser (1.7):
    - AFNetworking
    - DACircularProgress
    - pop
  - JZNavigationExtension (1.2.1)
  - KVOController (1.0.3)
  - MJExtension (2.5.14)
  - NYSegmentedControl (1.0.7)
  - pop (1.0.8)
  - PopMenu (2.4):
    - pop
    - XHRealTimeBlur
  - SlackTextViewController (1.7.1)
  - SVPullToRefresh (0.4.1)
  - SVWebViewController (HEAD based on 1.0)
  - WebViewJavascriptBridge (4.1.4)
  - XHRealTimeBlur (1.7)

DEPENDENCIES:
  - AFNetworking
  - BlocksKit
  - ChameleonFramework
  - CRToast
  - DZNEmptyDataSet
  - FXForms
  - IDMPhotoBrowser
  - JZNavigationExtension
  - KVOController
  - MJExtension
  - NYSegmentedControl
  - pop
  - PopMenu
  - SlackTextViewController
  - SVPullToRefresh
  - SVWebViewController (HEAD)
  - WebViewJavascriptBridge

SPEC CHECKSUMS:
  AFNetworking: 8e4e60500beb8bec644cf575beee72990a76d399
  BlocksKit: 7f422b971407001178d181a43b99014ea2591fe6
  ChameleonFramework: 5abe69b1f2a6cc79c3c435fcd9d3d855748225ee
  CRToast: 5a78c22b921c5ed3487488af605bc403a9c92fed
  DACircularProgress: 4dd437c0fc3da5161cb289e07ac449493d41db71
  DZNEmptyDataSet: 0ec00bfc230d7450997b60c127afdd0b9f24f3b6
  FXForms: 22d5ceafd8ca44d2f2be4827afcf00aaf80184a5
  IDMPhotoBrowser: 1155caa03f8705b7943c074c26b55aadd43d71da
  JZNavigationExtension: 7a0e59bc604587659a9c4d93c0ee4553142e80f8
  KVOController: 9fd8f0343670994e4b6f9f0b31f5a45663f3e1cf
  MJExtension: fb8e6e900fb44c9a7be435ba3d72b7fdf5f0994c
  NYSegmentedControl: 55b4f9eb652767cae9799623ec3e49e50029ef47
  pop: bb773ae2c791ca2629de13b347e7a8b450fa6a57
  PopMenu: 26b97baeaf250070f4f61b93727ca86d127d7bc5
  SlackTextViewController: 139ffc5b09276ff5ac1609ac78eafab702fc974e
  SVPullToRefresh: ba2e718695a43253d8bea6852d2960097dc15d8c
  SVWebViewController: c36dda7326e81fcae0abf5d02bf7bbf7e41be901
  WebViewJavascriptBridge: f10ac16f2cd3adf2b941bd79477c55a8f6e01044
  XHRealTimeBlur: 661fadd5691ba2d349758e8fd5fbdb499ac55f8c

COCOAPODS: 0.39.0
